
Microsoft Visual Studio Solution File, Format Version 12.00
# Visual Studio Version 17
VisualStudioVersion = 17.14.36811.4 d17.14
MinimumVisualStudioVersion = 10.0.40219.1
Project("{FAE04EC0-301F-11D3-BF4B-00C04F79EFBC}") = "Messenger-server", "Messenger-server.csproj", "{475884EA-6A5B-491A-BE52-75A9CE4B0BB1}"
EndProject
Project("{2150E333-8FDC-42A3-9474-1A3956D46DE8}") = "Models", "Models", "{36D591C7-65C7-A0D1-1CBC-10CDE441BDC8}"
	ProjectSection(SolutionItems) = preProject
		ChatRoom.cs = ChatRoom.cs
		Message.cs = Message.cs
		User.cs = User.cs
		UserChatRoom.cs = UserChatRoom.cs
	EndProjectSection
EndProject
Project("{2150E333-8FDC-42A3-9474-1A3956D46DE8}") = "Data", "Data", "{A6055B0D-6ED0-417E-AACC-A793EA9C0F2A}"
	ProjectSection(SolutionItems) = preProject
		AppDbContext.cs = AppDbContext.cs
	EndProjectSection
EndProject
Project("{2150E333-8FDC-42A3-9474-1A3956D46DE8}") = "Hubs", "Hubs", "{2270E2DE-084D-4593-8CF7-88F296FC89FE}"
	ProjectSection(SolutionItems) = preProject
		ChatHub.cs = ChatHub.cs
	EndProjectSection
EndProject
Global
	GlobalSection(SolutionConfigurationPlatforms) = preSolution
		Debug|Any CPU = Debug|Any CPU
		Release|Any CPU = Release|Any CPU
	EndGlobalSection
	GlobalSection(ProjectConfigurationPlatforms) = postSolution
		{475884EA-6A5B-491A-BE52-75A9CE4B0BB1}.Debug|Any CPU.ActiveCfg = Debug|Any CPU
		{475884EA-6A5B-491A-BE52-75A9CE4B0BB1}.Debug|Any CPU.Build.0 = Debug|Any CPU
		{475884EA-6A5B-491A-BE52-75A9CE4B0BB1}.Release|Any CPU.ActiveCfg = Release|Any CPU
		{475884EA-6A5B-491A-BE52-75A9CE4B0BB1}.Release|Any CPU.Build.0 = Release|Any CPU
	EndGlobalSection
	GlobalSection(SolutionProperties) = preSolution
		HideSolutionNode = FALSE
	EndGlobalSection
	GlobalSection(ExtensibilityGlobals) = postSolution
		SolutionGuid = {FB527769-AD9C-4310-8690-51F212CD76B3}
	EndGlobalSection
EndGlobal
